// !$*UTF8*$!
{
	archiveVersion = 1;
	classes = {
	};
	objectVersion = 50;
	objects = {

/* Begin PBXBuildFile section */
		303121F7232612E000A6553C /* AppDelegate.swift in Sources */ = {isa = PBXBuildFile; fileRef = 303121F6232612E000A6553C /* AppDelegate.swift */; };
		303121F9232612E000A6553C /* SceneDelegate.swift in Sources */ = {isa = PBXBuildFile; fileRef = 303121F8232612E000A6553C /* SceneDelegate.swift */; };
		303121FB232612E000A6553C /* TitleSceneView.swift in Sources */ = {isa = PBXBuildFile; fileRef = 303121FA232612E000A6553C /* TitleSceneView.swift */; };
		303121FD232612E200A6553C /* Assets.xcassets in Resources */ = {isa = PBXBuildFile; fileRef = 303121FC232612E200A6553C /* Assets.xcassets */; };
		30312200232612E200A6553C /* Preview Assets.xcassets in Resources */ = {isa = PBXBuildFile; fileRef = 303121FF232612E200A6553C /* Preview Assets.xcassets */; };
		30312203232612E200A6553C /* LaunchScreen.storyboard in Resources */ = {isa = PBXBuildFile; fileRef = 30312201232612E200A6553C /* LaunchScreen.storyboard */; };
		3031220B2326168C00A6553C /* BattleWindowView.swift in Sources */ = {isa = PBXBuildFile; fileRef = 3031220A2326168C00A6553C /* BattleWindowView.swift */; };
		3031220E23261CD400A6553C /* PlayerHandView.swift in Sources */ = {isa = PBXBuildFile; fileRef = 3031220D23261CD400A6553C /* PlayerHandView.swift */; };
		3040115F2327778000076680 /* Judge.swift in Sources */ = {isa = PBXBuildFile; fileRef = 3040115E2327778000076680 /* Judge.swift */; };
		304011622327AFC500076680 /* ResultSceneView.swift in Sources */ = {isa = PBXBuildFile; fileRef = 304011612327AFC500076680 /* ResultSceneView.swift */; };
		304011642327B23A00076680 /* BattleSceneViewModel.swift in Sources */ = {isa = PBXBuildFile; fileRef = 304011632327B23A00076680 /* BattleSceneViewModel.swift */; };
		3063E18F232635A5004A9988 /* BattleSceneView.swift in Sources */ = {isa = PBXBuildFile; fileRef = 3063E18E232635A5004A9988 /* BattleSceneView.swift */; };
		306F84B923265AFE006565B5 /* Hand.swift in Sources */ = {isa = PBXBuildFile; fileRef = 306F84B823265AFE006565B5 /* Hand.swift */; };
		306F84BB23265B16006565B5 /* BattleResult.swift in Sources */ = {isa = PBXBuildFile; fileRef = 306F84BA23265B16006565B5 /* BattleResult.swift */; };
		306F84BD232663E1006565B5 /* PlayerHandButton.swift in Sources */ = {isa = PBXBuildFile; fileRef = 306F84BC232663E1006565B5 /* PlayerHandButton.swift */; };
		30C425F6232963E8002B7F60 /* ResultSceneViewModel.swift in Sources */ = {isa = PBXBuildFile; fileRef = 30C425F5232963E8002B7F60 /* ResultSceneViewModel.swift */; };
/* End PBXBuildFile section */

/* Begin PBXFileReference section */
		303121F3232612E000A6553C /* SwiftyRPS.app */ = {isa = PBXFileReference; explicitFileType = wrapper.application; includeInIndex = 0; path = SwiftyRPS.app; sourceTree = BUILT_PRODUCTS_DIR; };
		303121F6232612E000A6553C /* AppDelegate.swift */ = {isa = PBXFileReference; lastKnownFileType = sourcecode.swift; path = AppDelegate.swift; sourceTree = "<group>"; };
		303121F8232612E000A6553C /* SceneDelegate.swift */ = {isa = PBXFileReference; lastKnownFileType = sourcecode.swift; path = SceneDelegate.swift; sourceTree = "<group>"; };
		303121FA232612E000A6553C /* TitleSceneView.swift */ = {isa = PBXFileReference; lastKnownFileType = sourcecode.swift; path = TitleSceneView.swift; sourceTree = "<group>"; };
		303121FC232612E200A6553C /* Assets.xcassets */ = {isa = PBXFileReference; lastKnownFileType = folder.assetcatalog; path = Assets.xcassets; sourceTree = "<group>"; };
		303121FF232612E200A6553C /* Preview Assets.xcassets */ = {isa = PBXFileReference; lastKnownFileType = folder.assetcatalog; path = "Preview Assets.xcassets"; sourceTree = "<group>"; };
		30312202232612E200A6553C /* Base */ = {isa = PBXFileReference; lastKnownFileType = file.storyboard; name = Base; path = Base.lproj/LaunchScreen.storyboard; sourceTree = "<group>"; };
		30312204232612E200A6553C /* Info.plist */ = {isa = PBXFileReference; lastKnownFileType = text.plist.xml; path = Info.plist; sourceTree = "<group>"; };
		3031220A2326168C00A6553C /* BattleWindowView.swift */ = {isa = PBXFileReference; lastKnownFileType = sourcecode.swift; path = BattleWindowView.swift; sourceTree = "<group>"; };
		3031220D23261CD400A6553C /* PlayerHandView.swift */ = {isa = PBXFileReference; lastKnownFileType = sourcecode.swift; path = PlayerHandView.swift; sourceTree = "<group>"; };
		3040115E2327778000076680 /* Judge.swift */ = {isa = PBXFileReference; lastKnownFileType = sourcecode.swift; path = Judge.swift; sourceTree = "<group>"; };
		304011612327AFC500076680 /* ResultSceneView.swift */ = {isa = PBXFileReference; lastKnownFileType = sourcecode.swift; path = ResultSceneView.swift; sourceTree = "<group>"; };
		304011632327B23A00076680 /* BattleSceneViewModel.swift */ = {isa = PBXFileReference; lastKnownFileType = sourcecode.swift; path = BattleSceneViewModel.swift; sourceTree = "<group>"; };
		3063E18E232635A5004A9988 /* BattleSceneView.swift */ = {isa = PBXFileReference; lastKnownFileType = sourcecode.swift; path = BattleSceneView.swift; sourceTree = "<group>"; };
		306F84B823265AFE006565B5 /* Hand.swift */ = {isa = PBXFileReference; lastKnownFileType = sourcecode.swift; path = Hand.swift; sourceTree = "<group>"; };
		306F84BA23265B16006565B5 /* BattleResult.swift */ = {isa = PBXFileReference; lastKnownFileType = sourcecode.swift; path = BattleResult.swift; sourceTree = "<group>"; };
		306F84BC232663E1006565B5 /* PlayerHandButton.swift */ = {isa = PBXFileReference; lastKnownFileType = sourcecode.swift; path = PlayerHandButton.swift; sourceTree = "<group>"; };
		30C425F5232963E8002B7F60 /* ResultSceneViewModel.swift */ = {isa = PBXFileReference; lastKnownFileType = sourcecode.swift; path = ResultSceneViewModel.swift; sourceTree = "<group>"; };
/* End PBXFileReference section */

/* Begin PBXFrameworksBuildPhase section */
		303121F0232612E000A6553C /* Frameworks */ = {
			isa = PBXFrameworksBuildPhase;
			buildActionMask = 2147483647;
			files = (
			);
			runOnlyForDeploymentPostprocessing = 0;
		};
/* End PBXFrameworksBuildPhase section */

/* Begin PBXGroup section */
		303121EA232612E000A6553C = {
			isa = PBXGroup;
			children = (
				303121F5232612E000A6553C /* SwiftyRPS */,
				303121F4232612E000A6553C /* Products */,
			);
			sourceTree = "<group>";
		};
		303121F4232612E000A6553C /* Products */ = {
			isa = PBXGroup;
			children = (
				303121F3232612E000A6553C /* SwiftyRPS.app */,
			);
			name = Products;
			sourceTree = "<group>";
		};
		303121F5232612E000A6553C /* SwiftyRPS */ = {
			isa = PBXGroup;
			children = (
				303121F6232612E000A6553C /* AppDelegate.swift */,
				303121F8232612E000A6553C /* SceneDelegate.swift */,
				3063E18D23263545004A9988 /* Title */,
				3063E190232635C8004A9988 /* Battle */,
				304011602327AFAA00076680 /* Result */,
				303121FC232612E200A6553C /* Assets.xcassets */,
				30312201232612E200A6553C /* LaunchScreen.storyboard */,
				30312204232612E200A6553C /* Info.plist */,
				303121FE232612E200A6553C /* Preview Content */,
			);
			path = SwiftyRPS;
			sourceTree = "<group>";
		};
		303121FE232612E200A6553C /* Preview Content */ = {
			isa = PBXGroup;
			children = (
				303121FF232612E200A6553C /* Preview Assets.xcassets */,
			);
			path = "Preview Content";
			sourceTree = "<group>";
		};
		3040115D232776C300076680 /* Subviews */ = {
			isa = PBXGroup;
			children = (
				306F84BC232663E1006565B5 /* PlayerHandButton.swift */,
			);
			path = Subviews;
			sourceTree = "<group>";
		};
		304011602327AFAA00076680 /* Result */ = {
			isa = PBXGroup;
			children = (
				30C425F5232963E8002B7F60 /* ResultSceneViewModel.swift */,
				304011612327AFC500076680 /* ResultSceneView.swift */,
			);
			path = Result;
			sourceTree = "<group>";
		};
		3063E18D23263545004A9988 /* Title */ = {
			isa = PBXGroup;
			children = (
				303121FA232612E000A6553C /* TitleSceneView.swift */,
			);
			path = Title;
			sourceTree = "<group>";
		};
		3063E190232635C8004A9988 /* Battle */ = {
			isa = PBXGroup;
			children = (
				306F84B723265AE8006565B5 /* Models */,
				3063E191232635DC004A9988 /* Subviews */,
				304011632327B23A00076680 /* BattleSceneViewModel.swift */,
				3063E18E232635A5004A9988 /* BattleSceneView.swift */,
			);
			path = Battle;
			sourceTree = "<group>";
		};
		3063E191232635DC004A9988 /* Subviews */ = {
			isa = PBXGroup;
			children = (
				3040115D232776C300076680 /* Subviews */,
				3031220A2326168C00A6553C /* BattleWindowView.swift */,
				3031220D23261CD400A6553C /* PlayerHandView.swift */,
			);
			path = Subviews;
			sourceTree = "<group>";
		};
		306F84B723265AE8006565B5 /* Models */ = {
			isa = PBXGroup;
			children = (
				306F84B823265AFE006565B5 /* Hand.swift */,
				306F84BA23265B16006565B5 /* BattleResult.swift */,
				3040115E2327778000076680 /* Judge.swift */,
			);
			path = Models;
			sourceTree = "<group>";
		};
/* End PBXGroup section */

/* Begin PBXNativeTarget section */
		303121F2232612E000A6553C /* SwiftyRPS */ = {
			isa = PBXNativeTarget;
			buildConfigurationList = 30312207232612E200A6553C /* Build configuration list for PBXNativeTarget "SwiftyRPS" */;
			buildPhases = (
				303121EF232612E000A6553C /* Sources */,
				303121F0232612E000A6553C /* Frameworks */,
				303121F1232612E000A6553C /* Resources */,
			);
			buildRules = (
			);
			dependencies = (
			);
			name = SwiftyRPS;
			productName = SwiftyRPS;
			productReference = 303121F3232612E000A6553C /* SwiftyRPS.app */;
			productType = "com.apple.product-type.application";
		};
/* End PBXNativeTarget section */

/* Begin PBXProject section */
		303121EB232612E000A6553C /* Project object */ = {
			isa = PBXProject;
			attributes = {
				LastSwiftUpdateCheck = 1100;
				LastUpgradeCheck = 1100;
				ORGANIZATIONNAME = crea;
				TargetAttributes = {
					303121F2232612E000A6553C = {
						CreatedOnToolsVersion = 11.0;
					};
				};
			};
			buildConfigurationList = 303121EE232612E000A6553C /* Build configuration list for PBXProject "SwiftyRPS" */;
			compatibilityVersion = "Xcode 9.3";
			developmentRegion = en;
			hasScannedForEncodings = 0;
			knownRegions = (
				en,
				Base,
			);
			mainGroup = 303121EA232612E000A6553C;
			productRefGroup = 303121F4232612E000A6553C /* Products */;
			projectDirPath = "";
			projectRoot = "";
			targets = (
				303121F2232612E000A6553C /* SwiftyRPS */,
			);
		};
/* End PBXProject section */

/* Begin PBXResourcesBuildPhase section */
		303121F1232612E000A6553C /* Resources */ = {
			isa = PBXResourcesBuildPhase;
			buildActionMask = 2147483647;
			files = (
				30312203232612E200A6553C /* LaunchScreen.storyboard in Resources */,
				30312200232612E200A6553C /* Preview Assets.xcassets in Resources */,
				303121FD232612E200A6553C /* Assets.xcassets in Resources */,
			);
			runOnlyForDeploymentPostprocessing = 0;
		};
/* End PBXResourcesBuildPhase section */

/* Begin PBXSourcesBuildPhase section */
		303121EF232612E000A6553C /* Sources */ = {
			isa = PBXSourcesBuildPhase;
			buildActionMask = 2147483647;
			files = (
				304011622327AFC500076680 /* ResultSceneView.swift in Sources */,
				306F84B923265AFE006565B5 /* Hand.swift in Sources */,
				30C425F6232963E8002B7F60 /* ResultSceneViewModel.swift in Sources */,
				3063E18F232635A5004A9988 /* BattleSceneView.swift in Sources */,
				304011642327B23A00076680 /* BattleSceneViewModel.swift in Sources */,
				3031220B2326168C00A6553C /* BattleWindowView.swift in Sources */,
				303121F7232612E000A6553C /* AppDelegate.swift in Sources */,
				306F84BD232663E1006565B5 /* PlayerHandButton.swift in Sources */,
				306F84BB23265B16006565B5 /* BattleResult.swift in Sources */,
				3031220E23261CD400A6553C /* PlayerHandView.swift in Sources */,
				3040115F2327778000076680 /* Judge.swift in Sources */,
				303121F9232612E000A6553C /* SceneDelegate.swift in Sources */,
				303121FB232612E000A6553C /* TitleSceneView.swift in Sources */,
			);
			runOnlyForDeploymentPostprocessing = 0;
		};
/* End PBXSourcesBuildPhase section */

/* Begin PBXVariantGroup section */
		30312201232612E200A6553C /* LaunchScreen.storyboard */ = {
			isa = PBXVariantGroup;
			children = (
				30312202232612E200A6553C /* Base */,
			);
			name = LaunchScreen.storyboard;
			sourceTree = "<group>";
		};
/* End PBXVariantGroup section */

/* Begin XCBuildConfiguration section */
		30312205232612E200A6553C /* Debug */ = {
			isa = XCBuildConfiguration;
			buildSettings = {
				ALWAYS_SEARCH_USER_PATHS = NO;
				CLANG_ANALYZER_NONNULL = YES;
				CLANG_ANALYZER_NUMBER_OBJECT_CONVERSION = YES_AGGRESSIVE;
				CLANG_CXX_LANGUAGE_STANDARD = "gnu++14";
				CLANG_CXX_LIBRARY = "libc++";
				CLANG_ENABLE_MODULES = YES;
				CLANG_ENABLE_OBJC_ARC = YES;
				CLANG_ENABLE_OBJC_WEAK = YES;
				CLANG_WARN_BLOCK_CAPTURE_AUTORELEASING = YES;
				CLANG_WARN_BOOL_CONVERSION = YES;
				CLANG_WARN_COMMA = YES;
				CLANG_WARN_CONSTANT_CONVERSION = YES;
				CLANG_WARN_DEPRECATED_OBJC_IMPLEMENTATIONS = YES;
				CLANG_WARN_DIRECT_OBJC_ISA_USAGE = YES_ERROR;
				CLANG_WARN_DOCUMENTATION_COMMENTS = YES;
				CLANG_WARN_EMPTY_BODY = YES;
				CLANG_WARN_ENUM_CONVERSION = YES;
				CLANG_WARN_INFINITE_RECURSION = YES;
				CLANG_WARN_INT_CONVERSION = YES;
				CLANG_WARN_NON_LITERAL_NULL_CONVERSION = YES;
				CLANG_WARN_OBJC_IMPLICIT_RETAIN_SELF = YES;
				CLANG_WARN_OBJC_LITERAL_CONVERSION = YES;
				CLANG_WARN_OBJC_ROOT_CLASS = YES_ERROR;
				CLANG_WARN_RANGE_LOOP_ANALYSIS = YES;
				CLANG_WARN_STRICT_PROTOTYPES = YES;
				CLANG_WARN_SUSPICIOUS_MOVE = YES;
				CLANG_WARN_UNGUARDED_AVAILABILITY = YES_AGGRESSIVE;
				CLANG_WARN_UNREACHABLE_CODE = YES;
				CLANG_WARN__DUPLICATE_METHOD_MATCH = YES;
				COPY_PHASE_STRIP = NO;
				DEBUG_INFORMATION_FORMAT = dwarf;
				ENABLE_STRICT_OBJC_MSGSEND = YES;
				ENABLE_TESTABILITY = YES;
				GCC_C_LANGUAGE_STANDARD = gnu11;
				GCC_DYNAMIC_NO_PIC = NO;
				GCC_NO_COMMON_BLOCKS = YES;
				GCC_OPTIMIZATION_LEVEL = 0;
				GCC_PREPROCESSOR_DEFINITIONS = (
					"DEBUG=1",
					"$(inherited)",
				);
				GCC_WARN_64_TO_32_BIT_CONVERSION = YES;
				GCC_WARN_ABOUT_RETURN_TYPE = YES_ERROR;
				GCC_WARN_UNDECLARED_SELECTOR = YES;
				GCC_WARN_UNINITIALIZED_AUTOS = YES_AGGRESSIVE;
				GCC_WARN_UNUSED_FUNCTION = YES;
				GCC_WARN_UNUSED_VARIABLE = YES;
				IPHONEOS_DEPLOYMENT_TARGET = 13.0;
				MTL_ENABLE_DEBUG_INFO = INCLUDE_SOURCE;
				MTL_FAST_MATH = YES;
				ONLY_ACTIVE_ARCH = YES;
				SDKROOT = iphoneos;
				SWIFT_ACTIVE_COMPILATION_CONDITIONS = DEBUG;
				SWIFT_OPTIMIZATION_LEVEL = "-Onone";
			};
			name = Debug;
		};
		30312206232612E200A6553C /* Release */ = {
			isa = XCBuildConfiguration;
			buildSettings = {
				ALWAYS_SEARCH_USER_PATHS = NO;
				CLANG_ANALYZER_NONNULL = YES;
				CLANG_ANALYZER_NUMBER_OBJECT_CONVERSION = YES_AGGRESSIVE;
				CLANG_CXX_LANGUAGE_STANDARD = "gnu++14";
				CLANG_CXX_LIBRARY = "libc++";
				CLANG_ENABLE_MODULES = YES;
				CLANG_ENABLE_OBJC_ARC = YES;
				CLANG_ENABLE_OBJC_WEAK = YES;
				CLANG_WARN_BLOCK_CAPTURE_AUTORELEASING = YES;
				CLANG_WARN_BOOL_CONVERSION = YES;
				CLANG_WARN_COMMA = YES;
				CLANG_WARN_CONSTANT_CONVERSION = YES;
				CLANG_WARN_DEPRECATED_OBJC_IMPLEMENTATIONS = YES;
				CLANG_WARN_DIRECT_OBJC_ISA_USAGE = YES_ERROR;
				CLANG_WARN_DOCUMENTATION_COMMENTS = YES;
				CLANG_WARN_EMPTY_BODY = YES;
				CLANG_WARN_ENUM_CONVERSION = YES;
				CLANG_WARN_INFINITE_RECURSION = YES;
				CLANG_WARN_INT_CONVERSION = YES;
				CLANG_WARN_NON_LITERAL_NULL_CONVERSION = YES;
				CLANG_WARN_OBJC_IMPLICIT_RETAIN_SELF = YES;
				CLANG_WARN_OBJC_LITERAL_CONVERSION = YES;
				CLANG_WARN_OBJC_ROOT_CLASS = YES_ERROR;
				CLANG_WARN_RANGE_LOOP_ANALYSIS = YES;
				CLANG_WARN_STRICT_PROTOTYPES = YES;
				CLANG_WARN_SUSPICIOUS_MOVE = YES;
				CLANG_WARN_UNGUARDED_AVAILABILITY = YES_AGGRESSIVE;
				CLANG_WARN_UNREACHABLE_CODE = YES;
				CLANG_WARN__DUPLICATE_METHOD_MATCH = YES;
				COPY_PHASE_STRIP = NO;
				DEBUG_INFORMATION_FORMAT = "dwarf-with-dsym";
				ENABLE_NS_ASSERTIONS = NO;
				ENABLE_STRICT_OBJC_MSGSEND = YES;
				GCC_C_LANGUAGE_STANDARD = gnu11;
				GCC_NO_COMMON_BLOCKS = YES;
				GCC_WARN_64_TO_32_BIT_CONVERSION = YES;
				GCC_WARN_ABOUT_RETURN_TYPE = YES_ERROR;
				GCC_WARN_UNDECLARED_SELECTOR = YES;
				GCC_WARN_UNINITIALIZED_AUTOS = YES_AGGRESSIVE;
				GCC_WARN_UNUSED_FUNCTION = YES;
				GCC_WARN_UNUSED_VARIABLE = YES;
				IPHONEOS_DEPLOYMENT_TARGET = 13.0;
				MTL_ENABLE_DEBUG_INFO = NO;
				MTL_FAST_MATH = YES;
				SDKROOT = iphoneos;
				SWIFT_COMPILATION_MODE = wholemodule;
				SWIFT_OPTIMIZATION_LEVEL = "-O";
				VALIDATE_PRODUCT = YES;
			};
			name = Release;
		};
		30312208232612E200A6553C /* Debug */ = {
			isa = XCBuildConfiguration;
			buildSettings = {
				ASSETCATALOG_COMPILER_APPICON_NAME = AppIcon;
				CODE_SIGN_STYLE = Automatic;
				DEVELOPMENT_ASSET_PATHS = "\"SwiftyRPS/Preview Content\"";
				ENABLE_PREVIEWS = YES;
				INFOPLIST_FILE = SwiftyRPS/Info.plist;
				LD_RUNPATH_SEARCH_PATHS = (
					"$(inherited)",
					"@executable_path/Frameworks",
				);
				PRODUCT_BUNDLE_IDENTIFIER = com.masa.SwiftyRPS;
				PRODUCT_NAME = "$(TARGET_NAME)";
				SWIFT_VERSION = 5.0;
				TARGETED_DEVICE_FAMILY = "1,2";
			};
			name = Debug;
		};
		30312209232612E200A6553C /* Release */ = {
			isa = XCBuildConfiguration;
			buildSettings = {
				ASSETCATALOG_COMPILER_APPICON_NAME = AppIcon;
				CODE_SIGN_STYLE = Automatic;
				DEVELOPMENT_ASSET_PATHS = "\"SwiftyRPS/Preview Content\"";
				ENABLE_PREVIEWS = YES;
				INFOPLIST_FILE = SwiftyRPS/Info.plist;
				LD_RUNPATH_SEARCH_PATHS = (
					"$(inherited)",
					"@executable_path/Frameworks",
				);
				PRODUCT_BUNDLE_IDENTIFIER = com.masa.SwiftyRPS;
				PRODUCT_NAME = "$(TARGET_NAME)";
				SWIFT_VERSION = 5.0;
				TARGETED_DEVICE_FAMILY = "1,2";
			};
			name = Release;
		};
/* End XCBuildConfiguration section */

/* Begin XCConfigurationList section */
		303121EE232612E000A6553C /* Build configuration list for PBXProject "SwiftyRPS" */ = {
			isa = XCConfigurationList;
			buildConfigurations = (
				30312205232612E200A6553C /* Debug */,
				30312206232612E200A6553C /* Release */,
			);
			defaultConfigurationIsVisible = 0;
			defaultConfigurationName = Release;
		};
		30312207232612E200A6553C /* Build configuration list for PBXNativeTarget "SwiftyRPS" */ = {
			isa = XCConfigurationList;
			buildConfigurations = (
				30312208232612E200A6553C /* Debug */,
				30312209232612E200A6553C /* Release */,
			);
			defaultConfigurationIsVisible = 0;
			defaultConfigurationName = Release;
		};
/* End XCConfigurationList section */
	};
	rootObject = 303121EB232612E000A6553C /* Project object */;
}
